
Microsoft Visual Studio Solution File, Format Version 11.00
# Visual Studio 2010
Project("{FAE04EC0-301F-11D3-BF4B-00C04F79EFBC}") = "Assembly-CSharp", "Assembly-CSharp.csproj", "{97c0003a-61d9-dc91-4d90-bf3e36337473}"
EndProject
Project("{FAE04EC0-301F-11D3-BF4B-00C04F79EFBC}") = "Assembly-CSharp-Editor", "Assembly-CSharp-Editor.csproj", "{38c2b050-85ec-5897-5e3f-9b819f883d45}"
EndProject
Global
	GlobalSection(SolutionConfigurationPlatforms) = preSolution
		Debug|Any CPU = Debug|Any CPU
	EndGlobalSection
	GlobalSection(ProjectConfigurationPlatforms) = postSolution
		{97c0003a-61d9-dc91-4d90-bf3e36337473}.Debug|Any CPU.ActiveCfg = Debug|Any CPU
		{97c0003a-61d9-dc91-4d90-bf3e36337473}.Debug|Any CPU.Build.0 = Debug|Any CPU
		{38c2b050-85ec-5897-5e3f-9b819f883d45}.Debug|Any CPU.ActiveCfg = Debug|Any CPU
		{38c2b050-85ec-5897-5e3f-9b819f883d45}.Debug|Any CPU.Build.0 = Debug|Any CPU
	EndGlobalSection
	GlobalSection(SolutionProperties) = preSolution
		HideSolutionNode = FALSE
	EndGlobalSection
EndGlobal
